
Microsoft Visual Studio Solution File, Format Version 12.00
# Visual Studio Version 18
VisualStudioVersion = 18.2.11415.280 d18.0
MinimumVisualStudioVersion = 10.0.40219.1
Project("{FAE04EC0-301F-11D3-BF4B-00C04F79EFBC}") = "Buildy.React", "Buildy.React.csproj", "{D527F132-81C6-4094-B1C9-7219288FEC29}"
EndProject
Global
	GlobalSection(SolutionConfigurationPlatforms) = preSolution
		Debug|Any CPU = Debug|Any CPU
		Release|Any CPU = Release|Any CPU
	EndGlobalSection
	GlobalSection(ProjectConfigurationPlatforms) = postSolution
		{D527F132-81C6-4094-B1C9-7219288FEC29}.Debug|Any CPU.ActiveCfg = Debug|Any CPU
		{D527F132-81C6-4094-B1C9-7219288FEC29}.Debug|Any CPU.Build.0 = Debug|Any CPU
		{D527F132-81C6-4094-B1C9-7219288FEC29}.Release|Any CPU.ActiveCfg = Release|Any CPU
		{D527F132-81C6-4094-B1C9-7219288FEC29}.Release|Any CPU.Build.0 = Release|Any CPU
	EndGlobalSection
	GlobalSection(SolutionProperties) = preSolution
		HideSolutionNode = FALSE
	EndGlobalSection
	GlobalSection(ExtensibilityGlobals) = postSolution
		SolutionGuid = {6DAAF4A3-2928-42FC-945B-136B17B86C33}
	EndGlobalSection
EndGlobal
